
Microsoft Visual Studio Solution File, Format Version 12.00
# Visual Studio Version 16
VisualStudioVersion = 16.0.30128.74
MinimumVisualStudioVersion = 10.0.40219.1
Project("{9A19103F-16F7-4668-BE54-9A1E7A4F7556}") = "StockMarket.AccountAPI", "StockMarket.AccountAPI\StockMarket.AccountAPI.csproj", "{5DF212CE-B061-4C5F-A3A5-2AAEE689FEF3}"
EndProject
Project("{9A19103F-16F7-4668-BE54-9A1E7A4F7556}") = "StockMarket.AdminAPI", "StockMarket.AdminAPI\StockMarket.AdminAPI.csproj", "{7D31B400-20D8-416D-B89F-5B6E8C2BF68E}"
EndProject
Project("{9A19103F-16F7-4668-BE54-9A1E7A4F7556}") = "StockMarket.UserAPI", "StockMarket.UserAPI\StockMarket.UserAPI.csproj", "{D4F6B80E-AA82-45A0-B114-2530B0A9A5A6}"
EndProject
Project("{9A19103F-16F7-4668-BE54-9A1E7A4F7556}") = "StockMarket.ExcelAPI", "StockMarket.ExcelAPI\StockMarket.ExcelAPI.csproj", "{E493E443-C7BB-4CF5-9C7A-8B9BC28287E3}"
EndProject
Project("{FAE04EC0-301F-11D3-BF4B-00C04F79EFBC}") = "StockMarket.Gateway", "StockMarket.Gateway\StockMarket.Gateway.csproj", "{C397A86D-D50F-4E50-B4C0-0B0D8EB18EFD}"
EndProject
Project("{FAE04EC0-301F-11D3-BF4B-00C04F79EFBC}") = "StockMarketTest", "StockMarketTest\StockMarketTest.csproj", "{78323D8B-A2A4-47BC-B6BF-C10D0100BDE3}"
EndProject
Global
	GlobalSection(SolutionConfigurationPlatforms) = preSolution
		Debug|Any CPU = Debug|Any CPU
		Release|Any CPU = Release|Any CPU
	EndGlobalSection
	GlobalSection(ProjectConfigurationPlatforms) = postSolution
		{5DF212CE-B061-4C5F-A3A5-2AAEE689FEF3}.Debug|Any CPU.ActiveCfg = Debug|Any CPU
		{5DF212CE-B061-4C5F-A3A5-2AAEE689FEF3}.Debug|Any CPU.Build.0 = Debug|Any CPU
		{5DF212CE-B061-4C5F-A3A5-2AAEE689FEF3}.Release|Any CPU.ActiveCfg = Release|Any CPU
		{5DF212CE-B061-4C5F-A3A5-2AAEE689FEF3}.Release|Any CPU.Build.0 = Release|Any CPU
		{7D31B400-20D8-416D-B89F-5B6E8C2BF68E}.Debug|Any CPU.ActiveCfg = Debug|Any CPU
		{7D31B400-20D8-416D-B89F-5B6E8C2BF68E}.Debug|Any CPU.Build.0 = Debug|Any CPU
		{7D31B400-20D8-416D-B89F-5B6E8C2BF68E}.Release|Any CPU.ActiveCfg = Release|Any CPU
		{7D31B400-20D8-416D-B89F-5B6E8C2BF68E}.Release|Any CPU.Build.0 = Release|Any CPU
		{D4F6B80E-AA82-45A0-B114-2530B0A9A5A6}.Debug|Any CPU.ActiveCfg = Debug|Any CPU
		{D4F6B80E-AA82-45A0-B114-2530B0A9A5A6}.Debug|Any CPU.Build.0 = Debug|Any CPU
		{D4F6B80E-AA82-45A0-B114-2530B0A9A5A6}.Release|Any CPU.ActiveCfg = Release|Any CPU
		{D4F6B80E-AA82-45A0-B114-2530B0A9A5A6}.Release|Any CPU.Build.0 = Release|Any CPU
		{E493E443-C7BB-4CF5-9C7A-8B9BC28287E3}.Debug|Any CPU.ActiveCfg = Debug|Any CPU
		{E493E443-C7BB-4CF5-9C7A-8B9BC28287E3}.Debug|Any CPU.Build.0 = Debug|Any CPU
		{E493E443-C7BB-4CF5-9C7A-8B9BC28287E3}.Release|Any CPU.ActiveCfg = Release|Any CPU
		{E493E443-C7BB-4CF5-9C7A-8B9BC28287E3}.Release|Any CPU.Build.0 = Release|Any CPU
		{C397A86D-D50F-4E50-B4C0-0B0D8EB18EFD}.Debug|Any CPU.ActiveCfg = Debug|Any CPU
		{C397A86D-D50F-4E50-B4C0-0B0D8EB18EFD}.Debug|Any CPU.Build.0 = Debug|Any CPU
		{C397A86D-D50F-4E50-B4C0-0B0D8EB18EFD}.Release|Any CPU.ActiveCfg = Release|Any CPU
		{C397A86D-D50F-4E50-B4C0-0B0D8EB18EFD}.Release|Any CPU.Build.0 = Release|Any CPU
		{78323D8B-A2A4-47BC-B6BF-C10D0100BDE3}.Debug|Any CPU.ActiveCfg = Debug|Any CPU
		{78323D8B-A2A4-47BC-B6BF-C10D0100BDE3}.Debug|Any CPU.Build.0 = Debug|Any CPU
		{78323D8B-A2A4-47BC-B6BF-C10D0100BDE3}.Release|Any CPU.ActiveCfg = Release|Any CPU
		{78323D8B-A2A4-47BC-B6BF-C10D0100BDE3}.Release|Any CPU.Build.0 = Release|Any CPU
	EndGlobalSection
	GlobalSection(SolutionProperties) = preSolution
		HideSolutionNode = FALSE
	EndGlobalSection
	GlobalSection(ExtensibilityGlobals) = postSolution
		SolutionGuid = {09F26743-7DC2-4E92-89C1-13CE10226CB0}
	EndGlobalSection
EndGlobal
